
Microsoft Visual Studio Solution File, Format Version 12.00
# Visual Studio Version 17
VisualStudioVersion = 17.10.34804.81
MinimumVisualStudioVersion = 15.0.26124.0
Project("{9A19103F-16F7-4668-BE54-9A1E7A4F7556}") = "SharpSchema", "src\SharpSchema\SharpSchema.csproj", "{FB51A855-E477-493F-AA11-0D67269764B9}"
EndProject
Project("{9A19103F-16F7-4668-BE54-9A1E7A4F7556}") = "SharpSchema.Tests", "test\SharpSchema.Tests\SharpSchema.Tests.csproj", "{05BC9AD0-2900-494D-902D-BEFBEA541C40}"
EndProject
Project("{9A19103F-16F7-4668-BE54-9A1E7A4F7556}") = "SharpSchema.Tool", "src\SharpSchema.Tool\SharpSchema.Tool.csproj", "{3C3F6483-7168-4816-B0D9-F46BD3B20132}"
EndProject
Project("{9A19103F-16F7-4668-BE54-9A1E7A4F7556}") = "SharpSchema.Annotations", "src\SharpSchema.Annotations\SharpSchema.Annotations.csproj", "{24A59CEC-073F-454F-AA88-6ED0D5D1D6FB}"
EndProject
Project("{9A19103F-16F7-4668-BE54-9A1E7A4F7556}") = "SharpSchema.Annotations.Source", "src\SharpSchema.Annotations.Source\SharpSchema.Annotations.Source.csproj", "{636AF0A7-ABCF-428B-9E81-F42A998A0A09}"
EndProject
Project("{2150E333-8FDC-42A3-9474-1A3956D46DE8}") = "src", "src", "{02EA681E-C7D8-13C7-8484-4AC65E1B71E8}"
EndProject
Project("{2150E333-8FDC-42A3-9474-1A3956D46DE8}") = "test", "test", "{02EA681E-C7D8-13C7-8484-4AC65E1B71E8}"
EndProject
Global
	GlobalSection(SolutionConfigurationPlatforms) = preSolution
		Debug|Any CPU = Debug|Any CPU
		Release|Any CPU = Release|Any CPU
	EndGlobalSection
	GlobalSection(ProjectConfigurationPlatforms) = postSolution
		{FB51A855-E477-493F-AA11-0D67269764B9}.Debug|Any CPU.ActiveCfg = Debug|Any CPU
		{FB51A855-E477-493F-AA11-0D67269764B9}.Debug|Any CPU.Build.0 = Debug|Any CPU
		{FB51A855-E477-493F-AA11-0D67269764B9}.Release|Any CPU.ActiveCfg = Release|Any CPU
		{FB51A855-E477-493F-AA11-0D67269764B9}.Release|Any CPU.Build.0 = Release|Any CPU
		{05BC9AD0-2900-494D-902D-BEFBEA541C40}.Debug|Any CPU.ActiveCfg = Debug|Any CPU
		{05BC9AD0-2900-494D-902D-BEFBEA541C40}.Debug|Any CPU.Build.0 = Debug|Any CPU
		{05BC9AD0-2900-494D-902D-BEFBEA541C40}.Release|Any CPU.ActiveCfg = Release|Any CPU
		{05BC9AD0-2900-494D-902D-BEFBEA541C40}.Release|Any CPU.Build.0 = Release|Any CPU
		{3C3F6483-7168-4816-B0D9-F46BD3B20132}.Debug|Any CPU.ActiveCfg = Debug|Any CPU
		{3C3F6483-7168-4816-B0D9-F46BD3B20132}.Debug|Any CPU.Build.0 = Debug|Any CPU
		{3C3F6483-7168-4816-B0D9-F46BD3B20132}.Release|Any CPU.ActiveCfg = Release|Any CPU
		{3C3F6483-7168-4816-B0D9-F46BD3B20132}.Release|Any CPU.Build.0 = Release|Any CPU
		{24A59CEC-073F-454F-AA88-6ED0D5D1D6FB}.Debug|Any CPU.ActiveCfg = Debug|Any CPU
		{24A59CEC-073F-454F-AA88-6ED0D5D1D6FB}.Debug|Any CPU.Build.0 = Debug|Any CPU
		{24A59CEC-073F-454F-AA88-6ED0D5D1D6FB}.Release|Any CPU.ActiveCfg = Release|Any CPU
		{24A59CEC-073F-454F-AA88-6ED0D5D1D6FB}.Release|Any CPU.Build.0 = Release|Any CPU
		{636AF0A7-ABCF-428B-9E81-F42A998A0A09}.Debug|Any CPU.ActiveCfg = Debug|Any CPU
		{636AF0A7-ABCF-428B-9E81-F42A998A0A09}.Debug|Any CPU.Build.0 = Debug|Any CPU
		{636AF0A7-ABCF-428B-9E81-F42A998A0A09}.Release|Any CPU.ActiveCfg = Release|Any CPU
		{636AF0A7-ABCF-428B-9E81-F42A998A0A09}.Release|Any CPU.Build.0 = Release|Any CPU
	EndGlobalSection
	GlobalSection(SolutionProperties) = preSolution
		HideSolutionNode = FALSE
	EndGlobalSection
	GlobalSection(NestedProjects) = preSolution
		{FB51A855-E477-493F-AA11-0D67269764B9} = {02EA681E-C7D8-13C7-8484-4AC65E1B71E8}
		{05BC9AD0-2900-494D-902D-BEFBEA541C40} = {02EA681E-C7D8-13C7-8484-4AC65E1B71E8}
		{3C3F6483-7168-4816-B0D9-F46BD3B20132} = {02EA681E-C7D8-13C7-8484-4AC65E1B71E8}
		{24A59CEC-073F-454F-AA88-6ED0D5D1D6FB} = {02EA681E-C7D8-13C7-8484-4AC65E1B71E8}
		{636AF0A7-ABCF-428B-9E81-F42A998A0A09} = {02EA681E-C7D8-13C7-8484-4AC65E1B71E8}
	EndGlobalSection
	GlobalSection(ExtensibilityGlobals) = postSolution
		SolutionGuid = {E3944F6A-384B-4B0F-B93F-3BD513DC57BD}
	EndGlobalSection
EndGlobal
