
Microsoft Visual Studio Solution File, Format Version 12.00
# Visual Studio Version 17
VisualStudioVersion = 17.10.34804.81
MinimumVisualStudioVersion = 15.0.26124.0
Project("{2150E333-8FDC-42A3-9474-1A3956D46DE8}") = "Solution Items", "Solution Items", "{1CE9670B-D5FF-46A7-9D00-24E70E6ED48B}"
	ProjectSection(SolutionItems) = preProject
		.editorconfig = .editorconfig
		Directory.Build.props = Directory.Build.props
		Directory.Build.targets = Directory.Build.targets
		Directory.Packages.props = Directory.Packages.props
		global.json = global.json
		nuget.config = nuget.config
		README.md = README.md
		stylecop.json = stylecop.json
		version.json = version.json
	EndProjectSection
EndProject
Project("{2150E333-8FDC-42A3-9474-1A3956D46DE8}") = "src-config", "src-config", "{9E154A29-1796-4B85-BD81-B6A385D8FF71}"
	ProjectSection(SolutionItems) = preProject
		src\.editorconfig = src\.editorconfig
		src\Directory.Build.props = src\Directory.Build.props
		src\Directory.Build.targets = src\Directory.Build.targets
	EndProjectSection
EndProject
Project("{2150E333-8FDC-42A3-9474-1A3956D46DE8}") = "test-config", "test-config", "{36CCE840-6FE5-4DB9-A8D5-8CF3CB6D342A}"
	ProjectSection(SolutionItems) = preProject
		test\.editorconfig = test\.editorconfig
		test\Directory.Build.props = test\Directory.Build.props
		test\Directory.Build.targets = test\Directory.Build.targets
	EndProjectSection
EndProject
Project("{9A19103F-16F7-4668-BE54-9A1E7A4F7556}") = "SharpSchema", "src\SharpSchema\SharpSchema.csproj", "{FB51A855-E477-493F-AA11-0D67269764B9}"
EndProject
Project("{9A19103F-16F7-4668-BE54-9A1E7A4F7556}") = "SharpSchema.Tests", "test\SharpSchema.Tests\SharpSchema.Tests.csproj", "{05BC9AD0-2900-494D-902D-BEFBEA541C40}"
EndProject
Project("{9A19103F-16F7-4668-BE54-9A1E7A4F7556}") = "SharpSchema.Tool", "src\SharpSchema.Tool\SharpSchema.Tool.csproj", "{3C3F6483-7168-4816-B0D9-F46BD3B20132}"
EndProject
Project("{9A19103F-16F7-4668-BE54-9A1E7A4F7556}") = "SharpSchema.Annotations", "src\SharpSchema.Annotations\SharpSchema.Annotations.csproj", "{24A59CEC-073F-454F-AA88-6ED0D5D1D6FB}"
EndProject
Project("{9A19103F-16F7-4668-BE54-9A1E7A4F7556}") = "SharpSchema.Annotations.Source", "src\SharpSchema.Annotations.Source\SharpSchema.Annotations.Source.csproj", "{636AF0A7-ABCF-428B-9E81-F42A998A0A09}"
EndProject
Project("{2150E333-8FDC-42A3-9474-1A3956D46DE8}") = ".github", ".github", "{02EA681E-C7D8-13C7-8484-4AC65E1B71E8}"
	ProjectSection(SolutionItems) = preProject
		.github\workflows\libanvl-docfx.yml = .github\workflows\libanvl-docfx.yml
		.github\workflows\libanvl-dotnet-ci.yml = .github\workflows\libanvl-dotnet-ci.yml
		.github\workflows\libanvl-nuget-release.yml = .github\workflows\libanvl-nuget-release.yml
	EndProjectSection
EndProject
Global
	GlobalSection(SolutionConfigurationPlatforms) = preSolution
		Debug|Any CPU = Debug|Any CPU
		Release|Any CPU = Release|Any CPU
	EndGlobalSection
	GlobalSection(ProjectConfigurationPlatforms) = postSolution
		{FB51A855-E477-493F-AA11-0D67269764B9}.Debug|Any CPU.ActiveCfg = Debug|Any CPU
		{FB51A855-E477-493F-AA11-0D67269764B9}.Debug|Any CPU.Build.0 = Debug|Any CPU
		{FB51A855-E477-493F-AA11-0D67269764B9}.Release|Any CPU.ActiveCfg = Release|Any CPU
		{FB51A855-E477-493F-AA11-0D67269764B9}.Release|Any CPU.Build.0 = Release|Any CPU
		{05BC9AD0-2900-494D-902D-BEFBEA541C40}.Debug|Any CPU.ActiveCfg = Debug|Any CPU
		{05BC9AD0-2900-494D-902D-BEFBEA541C40}.Debug|Any CPU.Build.0 = Debug|Any CPU
		{05BC9AD0-2900-494D-902D-BEFBEA541C40}.Release|Any CPU.ActiveCfg = Release|Any CPU
		{05BC9AD0-2900-494D-902D-BEFBEA541C40}.Release|Any CPU.Build.0 = Release|Any CPU
		{3C3F6483-7168-4816-B0D9-F46BD3B20132}.Debug|Any CPU.ActiveCfg = Debug|Any CPU
		{3C3F6483-7168-4816-B0D9-F46BD3B20132}.Debug|Any CPU.Build.0 = Debug|Any CPU
		{3C3F6483-7168-4816-B0D9-F46BD3B20132}.Release|Any CPU.ActiveCfg = Release|Any CPU
		{3C3F6483-7168-4816-B0D9-F46BD3B20132}.Release|Any CPU.Build.0 = Release|Any CPU
		{24A59CEC-073F-454F-AA88-6ED0D5D1D6FB}.Debug|Any CPU.ActiveCfg = Debug|Any CPU
		{24A59CEC-073F-454F-AA88-6ED0D5D1D6FB}.Debug|Any CPU.Build.0 = Debug|Any CPU
		{24A59CEC-073F-454F-AA88-6ED0D5D1D6FB}.Release|Any CPU.ActiveCfg = Release|Any CPU
		{24A59CEC-073F-454F-AA88-6ED0D5D1D6FB}.Release|Any CPU.Build.0 = Release|Any CPU
		{636AF0A7-ABCF-428B-9E81-F42A998A0A09}.Debug|Any CPU.ActiveCfg = Debug|Any CPU
		{636AF0A7-ABCF-428B-9E81-F42A998A0A09}.Debug|Any CPU.Build.0 = Debug|Any CPU
		{636AF0A7-ABCF-428B-9E81-F42A998A0A09}.Release|Any CPU.ActiveCfg = Release|Any CPU
		{636AF0A7-ABCF-428B-9E81-F42A998A0A09}.Release|Any CPU.Build.0 = Release|Any CPU
	EndGlobalSection
	GlobalSection(SolutionProperties) = preSolution
		HideSolutionNode = FALSE
	EndGlobalSection
	GlobalSection(NestedProjects) = preSolution
		{9E154A29-1796-4B85-BD81-B6A385D8FF71} = {1CE9670B-D5FF-46A7-9D00-24E70E6ED48B}
		{36CCE840-6FE5-4DB9-A8D5-8CF3CB6D342A} = {1CE9670B-D5FF-46A7-9D00-24E70E6ED48B}
		{FB51A855-E477-493F-AA11-0D67269764B9} = {B8A7A172-16A4-462E-8F3E-D387EB2C6963}
		{05BC9AD0-2900-494D-902D-BEFBEA541C40} = {B71D66EE-BDBC-4BF5-95D8-89CF71656414}
		{3C3F6483-7168-4816-B0D9-F46BD3B20132} = {B8A7A172-16A4-462E-8F3E-D387EB2C6963}
		{24A59CEC-073F-454F-AA88-6ED0D5D1D6FB} = {B8A7A172-16A4-462E-8F3E-D387EB2C6963}
		{636AF0A7-ABCF-428B-9E81-F42A998A0A09} = {B8A7A172-16A4-462E-8F3E-D387EB2C6963}
		{02EA681E-C7D8-13C7-8484-4AC65E1B71E8} = {1CE9670B-D5FF-46A7-9D00-24E70E6ED48B}
	EndGlobalSection
	GlobalSection(ExtensibilityGlobals) = postSolution
		SolutionGuid = {E3944F6A-384B-4B0F-B93F-3BD513DC57BD}
	EndGlobalSection
EndGlobal
